
Microsoft Visual Studio Solution File, Format Version 12.00
# Visual Studio 15
VisualStudioVersion = 15.0.27703.2000
MinimumVisualStudioVersion = 10.0.40219.1
Project("{FAE04EC0-301F-11D3-BF4B-00C04F79EFBC}") = "Classwork1_6", "Classwork1_6\Classwork1_6.csproj", "{B4E6BFC7-A82D-4E86-8F7B-C9E920369DE9}"
EndProject
Global
	GlobalSection(SolutionConfigurationPlatforms) = preSolution
		Debug|Any CPU = Debug|Any CPU
		Release|Any CPU = Release|Any CPU
	EndGlobalSection
	GlobalSection(ProjectConfigurationPlatforms) = postSolution
		{B4E6BFC7-A82D-4E86-8F7B-C9E920369DE9}.Debug|Any CPU.ActiveCfg = Debug|Any CPU
		{B4E6BFC7-A82D-4E86-8F7B-C9E920369DE9}.Debug|Any CPU.Build.0 = Debug|Any CPU
		{B4E6BFC7-A82D-4E86-8F7B-C9E920369DE9}.Release|Any CPU.ActiveCfg = Release|Any CPU
		{B4E6BFC7-A82D-4E86-8F7B-C9E920369DE9}.Release|Any CPU.Build.0 = Release|Any CPU
	EndGlobalSection
	GlobalSection(SolutionProperties) = preSolution
		HideSolutionNode = FALSE
	EndGlobalSection
	GlobalSection(ExtensibilityGlobals) = postSolution
		SolutionGuid = {56BE35B4-1111-4651-A070-FC69EB0B0C52}
	EndGlobalSection
EndGlobal
