
Microsoft Visual Studio Solution File, Format Version 12.00
# Visual Studio 15
VisualStudioVersion = 15.0.27703.2000
MinimumVisualStudioVersion = 10.0.40219.1
Project("{FAE04EC0-301F-11D3-BF4B-00C04F79EFBC}") = "Classwork1_2", "Classwork1_2\Classwork1_2.csproj", "{057CC292-E9AF-44F1-9A9F-C368BA3733EA}"
EndProject
Global
	GlobalSection(SolutionConfigurationPlatforms) = preSolution
		Debug|Any CPU = Debug|Any CPU
		Release|Any CPU = Release|Any CPU
	EndGlobalSection
	GlobalSection(ProjectConfigurationPlatforms) = postSolution
		{057CC292-E9AF-44F1-9A9F-C368BA3733EA}.Debug|Any CPU.ActiveCfg = Debug|Any CPU
		{057CC292-E9AF-44F1-9A9F-C368BA3733EA}.Debug|Any CPU.Build.0 = Debug|Any CPU
		{057CC292-E9AF-44F1-9A9F-C368BA3733EA}.Release|Any CPU.ActiveCfg = Release|Any CPU
		{057CC292-E9AF-44F1-9A9F-C368BA3733EA}.Release|Any CPU.Build.0 = Release|Any CPU
	EndGlobalSection
	GlobalSection(SolutionProperties) = preSolution
		HideSolutionNode = FALSE
	EndGlobalSection
	GlobalSection(ExtensibilityGlobals) = postSolution
		SolutionGuid = {5E4DCF97-4A7E-413A-B519-6498660838A8}
	EndGlobalSection
EndGlobal
