
Microsoft Visual Studio Solution File, Format Version 12.00
# Visual Studio 2012
Project("{FAE04EC0-301F-11D3-BF4B-00C04F79EFBC}") = "Ch05_02", "Ch05_02\Ch05_02.csproj", "{699812F8-CB29-49CE-8489-E7A26D792377}"
EndProject
Global
	GlobalSection(SolutionConfigurationPlatforms) = preSolution
		Debug|Any CPU = Debug|Any CPU
		Release|Any CPU = Release|Any CPU
	EndGlobalSection
	GlobalSection(ProjectConfigurationPlatforms) = postSolution
		{699812F8-CB29-49CE-8489-E7A26D792377}.Debug|Any CPU.ActiveCfg = Debug|Any CPU
		{699812F8-CB29-49CE-8489-E7A26D792377}.Debug|Any CPU.Build.0 = Debug|Any CPU
		{699812F8-CB29-49CE-8489-E7A26D792377}.Release|Any CPU.ActiveCfg = Release|Any CPU
		{699812F8-CB29-49CE-8489-E7A26D792377}.Release|Any CPU.Build.0 = Release|Any CPU
	EndGlobalSection
	GlobalSection(SolutionProperties) = preSolution
		HideSolutionNode = FALSE
	EndGlobalSection
EndGlobal
