
Microsoft Visual Studio Solution File, Format Version 12.00
# Visual Studio 15
VisualStudioVersion = 15.0.27703.2000
MinimumVisualStudioVersion = 10.0.40219.1
Project("{FAE04EC0-301F-11D3-BF4B-00C04F79EFBC}") = "Quiz6", "Quiz6\Quiz6.csproj", "{6E265E66-5762-4685-9405-860DE0F3E497}"
EndProject
Global
	GlobalSection(SolutionConfigurationPlatforms) = preSolution
		Debug|Any CPU = Debug|Any CPU
		Release|Any CPU = Release|Any CPU
	EndGlobalSection
	GlobalSection(ProjectConfigurationPlatforms) = postSolution
		{6E265E66-5762-4685-9405-860DE0F3E497}.Debug|Any CPU.ActiveCfg = Debug|Any CPU
		{6E265E66-5762-4685-9405-860DE0F3E497}.Debug|Any CPU.Build.0 = Debug|Any CPU
		{6E265E66-5762-4685-9405-860DE0F3E497}.Release|Any CPU.ActiveCfg = Release|Any CPU
		{6E265E66-5762-4685-9405-860DE0F3E497}.Release|Any CPU.Build.0 = Release|Any CPU
	EndGlobalSection
	GlobalSection(SolutionProperties) = preSolution
		HideSolutionNode = FALSE
	EndGlobalSection
	GlobalSection(ExtensibilityGlobals) = postSolution
		SolutionGuid = {0B6DB3C8-68CA-47AC-898C-959A0EC57509}
	EndGlobalSection
EndGlobal
